<?xml version="1.0" encoding="utf-8"?>
<Project ToolsVersion="4.0" xmlns="http://schemas.microsoft.com/developer/msbuild/2003">
  <ItemGroup>
    <Filter Include="Source Files">
      <UniqueIdentifier>{4FC737F1-C7A5-4376-A066-2A32D752A2FF}</UniqueIdentifier>
      <Extensions>cpp;c;cc;cxx;def;odl;idl;hpj;bat;asm;asmx</Extensions>
    </Filter>
    <Filter Include="Header Files">
      <UniqueIdentifier>{93995380-89BD-4b04-88EB-625FBE52EBFB}</UniqueIdentifier>
      <Extensions>h;hh;hpp;hxx;hm;inl;inc;xsd</Extensions>
    </Filter>
    <Filter Include="Resource Files">
      <UniqueIdentifier>{67DA6AB6-F800-4c08-8B7A-83BB121AAD01}</UniqueIdentifier>
      <Extensions>rc;ico;cur;bmp;dlg;rc2;rct;bin;rgs;gif;jpg;jpeg;jpe;resx;tiff;tif;png;wav;mfcribbon-ms</Extensions>
    </Filter>
  </ItemGroup>
  <ItemGroup>
    <Text Include="ReadMe.txt" />
  </ItemGroup>
  <ItemGroup>
    <ClInclude Include="..\..\watch.h">
      <Filter>Header Files</Filter>
    </ClInclude>
    <ClInclude Include="..\..\utility.h">
      <Filter>Header Files</Filter>
    </ClInclude>
    <ClInclude Include="..\..\usrsetup.h">
      <Filter>Header Files</Filter>
    </ClInclude>
    <ClInclude Include="..\..\userdata.h">
      <Filter>Header Files</Filter>
    </ClInclude>
    <ClInclude Include="..\..\tmpltutl.h">
      <Filter>Header Files</Filter>
    </ClInclude>
    <ClInclude Include="..\..\tmpltrhs.h">
      <Filter>Header Files</Filter>
    </ClInclude>
    <ClInclude Include="..\..\tmpltpsr.h">
      <Filter>Header Files</Filter>
    </ClInclude>
    <ClInclude Include="..\..\tmpltlhs.h">
      <Filter>Header Files</Filter>
    </ClInclude>
    <ClInclude Include="..\..\tmpltfun.h">
      <Filter>Header Files</Filter>
    </ClInclude>
    <ClInclude Include="..\..\tmpltdef.h">
      <Filter>Header Files</Filter>
    </ClInclude>
    <ClInclude Include="..\..\tmpltcmp.h">
      <Filter>Header Files</Filter>
    </ClInclude>
    <ClInclude Include="..\..\tmpltbsc.h">
      <Filter>Header Files</Filter>
    </ClInclude>
    <ClInclude Include="..\..\tmpltbin.h">
      <Filter>Header Files</Filter>
    </ClInclude>
    <ClInclude Include="..\..\textpro.h">
      <Filter>Header Files</Filter>
    </ClInclude>
    <ClInclude Include="..\..\sysdep.h">
      <Filter>Header Files</Filter>
    </ClInclude>
    <ClInclude Include="..\..\symbol.h">
      <Filter>Header Files</Filter>
    </ClInclude>
    <ClInclude Include="..\..\symblcmp.h">
      <Filter>Header Files</Filter>
    </ClInclude>
    <ClInclude Include="..\..\symblbin.h">
      <Filter>Header Files</Filter>
    </ClInclude>
    <ClInclude Include="..\..\strngrtr.h">
      <Filter>Header Files</Filter>
    </ClInclude>
    <ClInclude Include="..\..\strngfun.h">
      <Filter>Header Files</Filter>
    </ClInclude>
    <ClInclude Include="..\..\sortfun.h">
      <Filter>Header Files</Filter>
    </ClInclude>
    <ClInclude Include="..\..\setup.h">
      <Filter>Header Files</Filter>
    </ClInclude>
    <ClInclude Include="..\..\scanner.h">
      <Filter>Header Files</Filter>
    </ClInclude>
    <ClInclude Include="..\..\rulepsr.h">
      <Filter>Header Files</Filter>
    </ClInclude>
    <ClInclude Include="..\..\rulelhs.h">
      <Filter>Header Files</Filter>
    </ClInclude>
    <ClInclude Include="..\..\ruledlt.h">
      <Filter>Header Files</Filter>
    </ClInclude>
    <ClInclude Include="..\..\ruledef.h">
      <Filter>Header Files</Filter>
    </ClInclude>
    <ClInclude Include="..\..\rulecstr.h">
      <Filter>Header Files</Filter>
    </ClInclude>
    <ClInclude Include="..\..\rulecom.h">
      <Filter>Header Files</Filter>
    </ClInclude>
    <ClInclude Include="..\..\rulecmp.h">
      <Filter>Header Files</Filter>
    </ClInclude>
    <ClInclude Include="..\..\rulebsc.h">
      <Filter>Header Files</Filter>
    </ClInclude>
    <ClInclude Include="..\..\rulebld.h">
      <Filter>Header Files</Filter>
    </ClInclude>
    <ClInclude Include="..\..\rulebin.h">
      <Filter>Header Files</Filter>
    </ClInclude>
    <ClInclude Include="..\..\router.h">
      <Filter>Header Files</Filter>
    </ClInclude>
    <ClInclude Include="..\..\retract.h">
      <Filter>Header Files</Filter>
    </ClInclude>
    <ClInclude Include="..\..\reteutil.h">
      <Filter>Header Files</Filter>
    </ClInclude>
    <ClInclude Include="..\..\reorder.h">
      <Filter>Header Files</Filter>
    </ClInclude>
    <ClInclude Include="..\..\proflfun.h">
      <Filter>Header Files</Filter>
    </ClInclude>
    <ClInclude Include="..\..\prntutil.h">
      <Filter>Header Files</Filter>
    </ClInclude>
    <ClInclude Include="..\..\prdctfun.h">
      <Filter>Header Files</Filter>
    </ClInclude>
    <ClInclude Include="..\..\prcdrpsr.h">
      <Filter>Header Files</Filter>
    </ClInclude>
    <ClInclude Include="..\..\prcdrfun.h">
      <Filter>Header Files</Filter>
    </ClInclude>
    <ClInclude Include="..\..\prccode.h">
      <Filter>Header Files</Filter>
    </ClInclude>
    <ClInclude Include="..\..\pprint.h">
      <Filter>Header Files</Filter>
    </ClInclude>
    <ClInclude Include="..\..\pattern.h">
      <Filter>Header Files</Filter>
    </ClInclude>
    <ClInclude Include="..\..\parsefun.h">
      <Filter>Header Files</Filter>
    </ClInclude>
    <ClInclude Include="..\..\objrtmch.h">
      <Filter>Header Files</Filter>
    </ClInclude>
    <ClInclude Include="..\..\objrtgen.h">
      <Filter>Header Files</Filter>
    </ClInclude>
    <ClInclude Include="..\..\objrtfnx.h">
      <Filter>Header Files</Filter>
    </ClInclude>
    <ClInclude Include="..\..\objrtcmp.h">
      <Filter>Header Files</Filter>
    </ClInclude>
    <ClInclude Include="..\..\objrtbld.h">
      <Filter>Header Files</Filter>
    </ClInclude>
    <ClInclude Include="..\..\objrtbin.h">
      <Filter>Header Files</Filter>
    </ClInclude>
    <ClInclude Include="..\..\object.h">
      <Filter>Header Files</Filter>
    </ClInclude>
    <ClInclude Include="..\..\objcmp.h">
      <Filter>Header Files</Filter>
    </ClInclude>
    <ClInclude Include="..\..\objbin.h">
      <Filter>Header Files</Filter>
    </ClInclude>
    <ClInclude Include="..\..\network.h">
      <Filter>Header Files</Filter>
    </ClInclude>
    <ClInclude Include="..\..\multifun.h">
      <Filter>Header Files</Filter>
    </ClInclude>
    <ClInclude Include="..\..\multifld.h">
      <Filter>Header Files</Filter>
    </ClInclude>
    <ClInclude Include="..\..\msgpsr.h">
      <Filter>Header Files</Filter>
    </ClInclude>
    <ClInclude Include="..\..\msgpass.h">
      <Filter>Header Files</Filter>
    </ClInclude>
    <ClInclude Include="..\..\msgfun.h">
      <Filter>Header Files</Filter>
    </ClInclude>
    <ClInclude Include="..\..\msgcom.h">
      <Filter>Header Files</Filter>
    </ClInclude>
    <ClInclude Include="..\..\move.h">
      <Filter>Header Files</Filter>
    </ClInclude>
    <ClInclude Include="..\..\modulutl.h">
      <Filter>Header Files</Filter>
    </ClInclude>
    <ClInclude Include="..\..\modulpsr.h">
      <Filter>Header Files</Filter>
    </ClInclude>
    <ClInclude Include="..\..\moduldef.h">
      <Filter>Header Files</Filter>
    </ClInclude>
    <ClInclude Include="..\..\modulcmp.h">
      <Filter>Header Files</Filter>
    </ClInclude>
    <ClInclude Include="..\..\modulbsc.h">
      <Filter>Header Files</Filter>
    </ClInclude>
    <ClInclude Include="..\..\modulbin.h">
      <Filter>Header Files</Filter>
    </ClInclude>
    <ClInclude Include="..\..\miscfun.h">
      <Filter>Header Files</Filter>
    </ClInclude>
    <ClInclude Include="..\..\memalloc.h">
      <Filter>Header Files</Filter>
    </ClInclude>
    <ClInclude Include="..\..\match.h">
      <Filter>Header Files</Filter>
    </ClInclude>
    <ClInclude Include="..\..\lgcldpnd.h">
      <Filter>Header Files</Filter>
    </ClInclude>
    <ClInclude Include="..\..\iofun.h">
      <Filter>Header Files</Filter>
    </ClInclude>
    <ClInclude Include="..\..\insqypsr.h">
      <Filter>Header Files</Filter>
    </ClInclude>
    <ClInclude Include="..\..\insquery.h">
      <Filter>Header Files</Filter>
    </ClInclude>
    <ClInclude Include="..\..\inspsr.h">
      <Filter>Header Files</Filter>
    </ClInclude>
    <ClInclude Include="..\..\insmult.h">
      <Filter>Header Files</Filter>
    </ClInclude>
    <ClInclude Include="..\..\insmoddp.h">
      <Filter>Header Files</Filter>
    </ClInclude>
    <ClInclude Include="..\..\insmngr.h">
      <Filter>Header Files</Filter>
    </ClInclude>
    <ClInclude Include="..\..\insfun.h">
      <Filter>Header Files</Filter>
    </ClInclude>
    <ClInclude Include="..\..\insfile.h">
      <Filter>Header Files</Filter>
    </ClInclude>
    <ClInclude Include="..\..\inscom.h">
      <Filter>Header Files</Filter>
    </ClInclude>
    <ClInclude Include="..\..\inherpsr.h">
      <Filter>Header Files</Filter>
    </ClInclude>
    <ClInclude Include="..\..\incrrset.h">
      <Filter>Header Files</Filter>
    </ClInclude>
    <ClInclude Include="..\..\immthpsr.h">
      <Filter>Header Files</Filter>
    </ClInclude>
    <ClInclude Include="..\..\globlpsr.h">
      <Filter>Header Files</Filter>
    </ClInclude>
    <ClInclude Include="..\..\globldef.h">
      <Filter>Header Files</Filter>
    </ClInclude>
    <ClInclude Include="..\..\globlcom.h">
      <Filter>Header Files</Filter>
    </ClInclude>
    <ClInclude Include="..\..\globlcmp.h">
      <Filter>Header Files</Filter>
    </ClInclude>
    <ClInclude Include="..\..\globlbsc.h">
      <Filter>Header Files</Filter>
    </ClInclude>
    <ClInclude Include="..\..\globlbin.h">
      <Filter>Header Files</Filter>
    </ClInclude>
    <ClInclude Include="..\..\genrcpsr.h">
      <Filter>Header Files</Filter>
    </ClInclude>
    <ClInclude Include="..\..\genrcfun.h">
      <Filter>Header Files</Filter>
    </ClInclude>
    <ClInclude Include="..\..\genrcexe.h">
      <Filter>Header Files</Filter>
    </ClInclude>
    <ClInclude Include="..\..\genrccom.h">
      <Filter>Header Files</Filter>
    </ClInclude>
    <ClInclude Include="..\..\genrccmp.h">
      <Filter>Header Files</Filter>
    </ClInclude>
    <ClInclude Include="..\..\genrcbin.h">
      <Filter>Header Files</Filter>
    </ClInclude>
    <ClInclude Include="..\..\generate.h">
      <Filter>Header Files</Filter>
    </ClInclude>
    <ClInclude Include="..\..\filertr.h">
      <Filter>Header Files</Filter>
    </ClInclude>
    <ClInclude Include="..\..\filecom.h">
      <Filter>Header Files</Filter>
    </ClInclude>
    <ClInclude Include="..\..\factrhs.h">
      <Filter>Header Files</Filter>
    </ClInclude>
    <ClInclude Include="..\..\factrete.h">
      <Filter>Header Files</Filter>
    </ClInclude>
    <ClInclude Include="..\..\factqury.h">
      <Filter>Header Files</Filter>
    </ClInclude>
    <ClInclude Include="..\..\factqpsr.h">
      <Filter>Header Files</Filter>
    </ClInclude>
    <ClInclude Include="..\..\factprt.h">
      <Filter>Header Files</Filter>
    </ClInclude>
    <ClInclude Include="..\..\factmngr.h">
      <Filter>Header Files</Filter>
    </ClInclude>
    <ClInclude Include="..\..\factmch.h">
      <Filter>Header Files</Filter>
    </ClInclude>
    <ClInclude Include="..\..\factlhs.h">
      <Filter>Header Files</Filter>
    </ClInclude>
    <ClInclude Include="..\..\facthsh.h">
      <Filter>Header Files</Filter>
    </ClInclude>
    <ClInclude Include="..\..\factgen.h">
      <Filter>Header Files</Filter>
    </ClInclude>
    <ClInclude Include="..\..\factfun.h">
      <Filter>Header Files</Filter>
    </ClInclude>
    <ClInclude Include="..\..\factcom.h">
      <Filter>Header Files</Filter>
    </ClInclude>
    <ClInclude Include="..\..\factcmp.h">
      <Filter>Header Files</Filter>
    </ClInclude>
    <ClInclude Include="..\..\factbld.h">
      <Filter>Header Files</Filter>
    </ClInclude>
    <ClInclude Include="..\..\factbin.h">
      <Filter>Header Files</Filter>
    </ClInclude>
    <ClInclude Include="..\..\extnfunc.h">
      <Filter>Header Files</Filter>
    </ClInclude>
    <ClInclude Include="..\..\exprnpsr.h">
      <Filter>Header Files</Filter>
    </ClInclude>
    <ClInclude Include="..\..\exprnops.h">
      <Filter>Header Files</Filter>
    </ClInclude>
    <ClInclude Include="..\..\exprnbin.h">
      <Filter>Header Files</Filter>
    </ClInclude>
    <ClInclude Include="..\..\expressn.h">
      <Filter>Header Files</Filter>
    </ClInclude>
    <ClInclude Include="..\..\evaluatn.h">
      <Filter>Header Files</Filter>
    </ClInclude>
    <ClInclude Include="..\..\envrnmnt.h">
      <Filter>Header Files</Filter>
    </ClInclude>
    <ClInclude Include="..\..\engine.h">
      <Filter>Header Files</Filter>
    </ClInclude>
    <ClInclude Include="..\..\emathfun.h">
      <Filter>Header Files</Filter>
    </ClInclude>
    <ClInclude Include="..\..\ed.h">
      <Filter>Header Files</Filter>
    </ClInclude>
    <ClInclude Include="..\..\drive.h">
      <Filter>Header Files</Filter>
    </ClInclude>
    <ClInclude Include="..\..\dfinscmp.h">
      <Filter>Header Files</Filter>
    </ClInclude>
    <ClInclude Include="..\..\dfinsbin.h">
      <Filter>Header Files</Filter>
    </ClInclude>
    <ClInclude Include="..\..\dffnxpsr.h">
      <Filter>Header Files</Filter>
    </ClInclude>
    <ClInclude Include="..\..\dffnxfun.h">
      <Filter>Header Files</Filter>
    </ClInclude>
    <ClInclude Include="..\..\dffnxexe.h">
      <Filter>Header Files</Filter>
    </ClInclude>
    <ClInclude Include="..\..\dffnxcmp.h">
      <Filter>Header Files</Filter>
    </ClInclude>
    <ClInclude Include="..\..\dffnxbin.h">
      <Filter>Header Files</Filter>
    </ClInclude>
    <ClInclude Include="..\..\dffctpsr.h">
      <Filter>Header Files</Filter>
    </ClInclude>
    <ClInclude Include="..\..\dffctdef.h">
      <Filter>Header Files</Filter>
    </ClInclude>
    <ClInclude Include="..\..\dffctcmp.h">
      <Filter>Header Files</Filter>
    </ClInclude>
    <ClInclude Include="..\..\dffctbsc.h">
      <Filter>Header Files</Filter>
    </ClInclude>
    <ClInclude Include="..\..\dffctbin.h">
      <Filter>Header Files</Filter>
    </ClInclude>
    <ClInclude Include="..\..\developr.h">
      <Filter>Header Files</Filter>
    </ClInclude>
    <ClInclude Include="..\..\defins.h">
      <Filter>Header Files</Filter>
    </ClInclude>
    <ClInclude Include="..\..\default.h">
      <Filter>Header Files</Filter>
    </ClInclude>
    <ClInclude Include="..\..\cstrnutl.h">
      <Filter>Header Files</Filter>
    </ClInclude>
    <ClInclude Include="..\..\cstrnpsr.h">
      <Filter>Header Files</Filter>
    </ClInclude>
    <ClInclude Include="..\..\cstrnops.h">
      <Filter>Header Files</Filter>
    </ClInclude>
    <ClInclude Include="..\..\cstrncmp.h">
      <Filter>Header Files</Filter>
    </ClInclude>
    <ClInclude Include="..\..\cstrnchk.h">
      <Filter>Header Files</Filter>
    </ClInclude>
    <ClInclude Include="..\..\cstrnbin.h">
      <Filter>Header Files</Filter>
    </ClInclude>
    <ClInclude Include="..\..\cstrcpsr.h">
      <Filter>Header Files</Filter>
    </ClInclude>
    <ClInclude Include="..\..\cstrccom.h">
      <Filter>Header Files</Filter>
    </ClInclude>
    <ClInclude Include="..\..\cstrccmp.h">
      <Filter>Header Files</Filter>
    </ClInclude>
    <ClInclude Include="..\..\cstrcbin.h">
      <Filter>Header Files</Filter>
    </ClInclude>
    <ClInclude Include="..\..\crstrtgy.h">
      <Filter>Header Files</Filter>
    </ClInclude>
    <ClInclude Include="..\..\constrnt.h">
      <Filter>Header Files</Filter>
    </ClInclude>
    <ClInclude Include="..\..\constrct.h">
      <Filter>Header Files</Filter>
    </ClInclude>
    <ClInclude Include="..\..\constant.h">
      <Filter>Header Files</Filter>
    </ClInclude>
    <ClInclude Include="..\..\conscomp.h">
      <Filter>Header Files</Filter>
    </ClInclude>
    <ClInclude Include="..\..\commline.h">
      <Filter>Header Files</Filter>
    </ClInclude>
    <ClInclude Include="..\..\cmptblty.h">
      <Filter>Header Files</Filter>
    </ClInclude>
    <ClInclude Include="..\..\clsltpsr.h">
      <Filter>Header Files</Filter>
    </ClInclude>
    <ClInclude Include="..\..\clips.h">
      <Filter>Header Files</Filter>
    </ClInclude>
    <ClInclude Include="..\..\classpsr.h">
      <Filter>Header Files</Filter>
    </ClInclude>
    <ClInclude Include="..\..\classini.h">
      <Filter>Header Files</Filter>
    </ClInclude>
    <ClInclude Include="..\..\classinf.h">
      <Filter>Header Files</Filter>
    </ClInclude>
    <ClInclude Include="..\..\classfun.h">
      <Filter>Header Files</Filter>
    </ClInclude>
    <ClInclude Include="..\..\classexm.h">
      <Filter>Header Files</Filter>
    </ClInclude>
    <ClInclude Include="..\..\classcom.h">
      <Filter>Header Files</Filter>
    </ClInclude>
    <ClInclude Include="..\..\bsave.h">
      <Filter>Header Files</Filter>
    </ClInclude>
    <ClInclude Include="..\..\bmathfun.h">
      <Filter>Header Files</Filter>
    </ClInclude>
    <ClInclude Include="..\..\bload.h">
      <Filter>Header Files</Filter>
    </ClInclude>
    <ClInclude Include="..\..\argacces.h">
      <Filter>Header Files</Filter>
    </ClInclude>
    <ClInclude Include="..\..\analysis.h">
      <Filter>Header Files</Filter>
    </ClInclude>
    <ClInclude Include="..\..\agenda.h">
      <Filter>Header Files</Filter>
    </ClInclude>
    <ClInclude Include="..\..\input.h">
      <Filter>Header Files</Filter>
    </ClInclude>
  </ItemGroup>
  <ItemGroup>
    <ClCompile Include="..\..\agenda.c">
      <Filter>Source Files</Filter>
    </ClCompile>
    <ClCompile Include="..\..\analysis.c">
      <Filter>Source Files</Filter>
    </ClCompile>
    <ClCompile Include="..\..\argacces.c">
      <Filter>Source Files</Filter>
    </ClCompile>
    <ClCompile Include="..\..\bload.c">
      <Filter>Source Files</Filter>
    </ClCompile>
    <ClCompile Include="..\..\bmathfun.c">
      <Filter>Source Files</Filter>
    </ClCompile>
    <ClCompile Include="..\..\bsave.c">
      <Filter>Source Files</Filter>
    </ClCompile>
    <ClCompile Include="..\..\classcom.c">
      <Filter>Source Files</Filter>
    </ClCompile>
    <ClCompile Include="..\..\classexm.c">
      <Filter>Source Files</Filter>
    </ClCompile>
    <ClCompile Include="..\..\classfun.c">
      <Filter>Source Files</Filter>
    </ClCompile>
    <ClCompile Include="..\..\classinf.c">
      <Filter>Source Files</Filter>
    </ClCompile>
    <ClCompile Include="..\..\classini.c">
      <Filter>Source Files</Filter>
    </ClCompile>
    <ClCompile Include="..\..\classpsr.c">
      <Filter>Source Files</Filter>
    </ClCompile>
    <ClCompile Include="..\..\clsltpsr.c">
      <Filter>Source Files</Filter>
    </ClCompile>
    <ClCompile Include="..\..\commline.c">
      <Filter>Source Files</Filter>
    </ClCompile>
    <ClCompile Include="..\..\conscomp.c">
      <Filter>Source Files</Filter>
    </ClCompile>
    <ClCompile Include="..\..\constrct.c">
      <Filter>Source Files</Filter>
    </ClCompile>
    <ClCompile Include="..\..\constrnt.c">
      <Filter>Source Files</Filter>
    </ClCompile>
    <ClCompile Include="..\..\crstrtgy.c">
      <Filter>Source Files</Filter>
    </ClCompile>
    <ClCompile Include="..\..\cstrcbin.c">
      <Filter>Source Files</Filter>
    </ClCompile>
    <ClCompile Include="..\..\cstrccom.c">
      <Filter>Source Files</Filter>
    </ClCompile>
    <ClCompile Include="..\..\cstrcpsr.c">
      <Filter>Source Files</Filter>
    </ClCompile>
    <ClCompile Include="..\..\cstrnbin.c">
      <Filter>Source Files</Filter>
    </ClCompile>
    <ClCompile Include="..\..\cstrnchk.c">
      <Filter>Source Files</Filter>
    </ClCompile>
    <ClCompile Include="..\..\cstrncmp.c">
      <Filter>Source Files</Filter>
    </ClCompile>
    <ClCompile Include="..\..\cstrnops.c">
      <Filter>Source Files</Filter>
    </ClCompile>
    <ClCompile Include="..\..\cstrnpsr.c">
      <Filter>Source Files</Filter>
    </ClCompile>
    <ClCompile Include="..\..\cstrnutl.c">
      <Filter>Source Files</Filter>
    </ClCompile>
    <ClCompile Include="..\..\default.c">
      <Filter>Source Files</Filter>
    </ClCompile>
    <ClCompile Include="..\..\defins.c">
      <Filter>Source Files</Filter>
    </ClCompile>
    <ClCompile Include="..\..\developr.c">
      <Filter>Source Files</Filter>
    </ClCompile>
    <ClCompile Include="..\..\dffctbin.c">
      <Filter>Source Files</Filter>
    </ClCompile>
    <ClCompile Include="..\..\dffctbsc.c">
      <Filter>Source Files</Filter>
    </ClCompile>
    <ClCompile Include="..\..\dffctcmp.c">
      <Filter>Source Files</Filter>
    </ClCompile>
    <ClCompile Include="..\..\dffctdef.c">
      <Filter>Source Files</Filter>
    </ClCompile>
    <ClCompile Include="..\..\dffctpsr.c">
      <Filter>Source Files</Filter>
    </ClCompile>
    <ClCompile Include="..\..\dffnxbin.c">
      <Filter>Source Files</Filter>
    </ClCompile>
    <ClCompile Include="..\..\dffnxcmp.c">
      <Filter>Source Files</Filter>
    </ClCompile>
    <ClCompile Include="..\..\dffnxexe.c">
      <Filter>Source Files</Filter>
    </ClCompile>
    <ClCompile Include="..\..\dffnxfun.c">
      <Filter>Source Files</Filter>
    </ClCompile>
    <ClCompile Include="..\..\dffnxpsr.c">
      <Filter>Source Files</Filter>
    </ClCompile>
    <ClCompile Include="..\..\dfinsbin.c">
      <Filter>Source Files</Filter>
    </ClCompile>
    <ClCompile Include="..\..\dfinscmp.c">
      <Filter>Source Files</Filter>
    </ClCompile>
    <ClCompile Include="..\..\drive.c">
      <Filter>Source Files</Filter>
    </ClCompile>
    <ClCompile Include="..\..\edbasic.c">
      <Filter>Source Files</Filter>
    </ClCompile>
    <ClCompile Include="..\..\edmain.c">
      <Filter>Source Files</Filter>
    </ClCompile>
    <ClCompile Include="..\..\edmisc.c">
      <Filter>Source Files</Filter>
    </ClCompile>
    <ClCompile Include="..\..\edstruct.c">
      <Filter>Source Files</Filter>
    </ClCompile>
    <ClCompile Include="..\..\edterm.c">
      <Filter>Source Files</Filter>
    </ClCompile>
    <ClCompile Include="..\..\emathfun.c">
      <Filter>Source Files</Filter>
    </ClCompile>
    <ClCompile Include="..\..\engine.c">
      <Filter>Source Files</Filter>
    </ClCompile>
    <ClCompile Include="..\..\envrnmnt.c">
      <Filter>Source Files</Filter>
    </ClCompile>
    <ClCompile Include="..\..\evaluatn.c">
      <Filter>Source Files</Filter>
    </ClCompile>
    <ClCompile Include="..\..\expressn.c">
      <Filter>Source Files</Filter>
    </ClCompile>
    <ClCompile Include="..\..\exprnbin.c">
      <Filter>Source Files</Filter>
    </ClCompile>
    <ClCompile Include="..\..\exprnops.c">
      <Filter>Source Files</Filter>
    </ClCompile>
    <ClCompile Include="..\..\exprnpsr.c">
      <Filter>Source Files</Filter>
    </ClCompile>
    <ClCompile Include="..\..\extnfunc.c">
      <Filter>Source Files</Filter>
    </ClCompile>
    <ClCompile Include="..\..\factbin.c">
      <Filter>Source Files</Filter>
    </ClCompile>
    <ClCompile Include="..\..\factbld.c">
      <Filter>Source Files</Filter>
    </ClCompile>
    <ClCompile Include="..\..\factcmp.c">
      <Filter>Source Files</Filter>
    </ClCompile>
    <ClCompile Include="..\..\factcom.c">
      <Filter>Source Files</Filter>
    </ClCompile>
    <ClCompile Include="..\..\factfun.c">
      <Filter>Source Files</Filter>
    </ClCompile>
    <ClCompile Include="..\..\factgen.c">
      <Filter>Source Files</Filter>
    </ClCompile>
    <ClCompile Include="..\..\facthsh.c">
      <Filter>Source Files</Filter>
    </ClCompile>
    <ClCompile Include="..\..\factlhs.c">
      <Filter>Source Files</Filter>
    </ClCompile>
    <ClCompile Include="..\..\factmch.c">
      <Filter>Source Files</Filter>
    </ClCompile>
    <ClCompile Include="..\..\factmngr.c">
      <Filter>Source Files</Filter>
    </ClCompile>
    <ClCompile Include="..\..\factprt.c">
      <Filter>Source Files</Filter>
    </ClCompile>
    <ClCompile Include="..\..\factqpsr.c">
      <Filter>Source Files</Filter>
    </ClCompile>
    <ClCompile Include="..\..\factqury.c">
      <Filter>Source Files</Filter>
    </ClCompile>
    <ClCompile Include="..\..\factrete.c">
      <Filter>Source Files</Filter>
    </ClCompile>
    <ClCompile Include="..\..\factrhs.c">
      <Filter>Source Files</Filter>
    </ClCompile>
    <ClCompile Include="..\..\filecom.c">
      <Filter>Source Files</Filter>
    </ClCompile>
    <ClCompile Include="..\..\filertr.c">
      <Filter>Source Files</Filter>
    </ClCompile>
    <ClCompile Include="..\..\generate.c">
      <Filter>Source Files</Filter>
    </ClCompile>
    <ClCompile Include="..\..\genrcbin.c">
      <Filter>Source Files</Filter>
    </ClCompile>
    <ClCompile Include="..\..\genrccmp.c">
      <Filter>Source Files</Filter>
    </ClCompile>
    <ClCompile Include="..\..\genrccom.c">
      <Filter>Source Files</Filter>
    </ClCompile>
    <ClCompile Include="..\..\genrcexe.c">
      <Filter>Source Files</Filter>
    </ClCompile>
    <ClCompile Include="..\..\genrcfun.c">
      <Filter>Source Files</Filter>
    </ClCompile>
    <ClCompile Include="..\..\genrcpsr.c">
      <Filter>Source Files</Filter>
    </ClCompile>
    <ClCompile Include="..\..\globlbin.c">
      <Filter>Source Files</Filter>
    </ClCompile>
    <ClCompile Include="..\..\globlbsc.c">
      <Filter>Source Files</Filter>
    </ClCompile>
    <ClCompile Include="..\..\globlcmp.c">
      <Filter>Source Files</Filter>
    </ClCompile>
    <ClCompile Include="..\..\globlcom.c">
      <Filter>Source Files</Filter>
    </ClCompile>
    <ClCompile Include="..\..\globldef.c">
      <Filter>Source Files</Filter>
    </ClCompile>
    <ClCompile Include="..\..\globlpsr.c">
      <Filter>Source Files</Filter>
    </ClCompile>
    <ClCompile Include="..\..\immthpsr.c">
      <Filter>Source Files</Filter>
    </ClCompile>
    <ClCompile Include="..\..\incrrset.c">
      <Filter>Source Files</Filter>
    </ClCompile>
    <ClCompile Include="..\..\inherpsr.c">
      <Filter>Source Files</Filter>
    </ClCompile>
    <ClCompile Include="..\..\inscom.c">
      <Filter>Source Files</Filter>
    </ClCompile>
    <ClCompile Include="..\..\insfile.c">
      <Filter>Source Files</Filter>
    </ClCompile>
    <ClCompile Include="..\..\insfun.c">
      <Filter>Source Files</Filter>
    </ClCompile>
    <ClCompile Include="..\..\insmngr.c">
      <Filter>Source Files</Filter>
    </ClCompile>
    <ClCompile Include="..\..\insmoddp.c">
      <Filter>Source Files</Filter>
    </ClCompile>
    <ClCompile Include="..\..\insmult.c">
      <Filter>Source Files</Filter>
    </ClCompile>
    <ClCompile Include="..\..\inspsr.c">
      <Filter>Source Files</Filter>
    </ClCompile>
    <ClCompile Include="..\..\insquery.c">
      <Filter>Source Files</Filter>
    </ClCompile>
    <ClCompile Include="..\..\insqypsr.c">
      <Filter>Source Files</Filter>
    </ClCompile>
    <ClCompile Include="..\..\iofun.c">
      <Filter>Source Files</Filter>
    </ClCompile>
    <ClCompile Include="..\..\lgcldpnd.c">
      <Filter>Source Files</Filter>
    </ClCompile>
    <ClCompile Include="..\..\memalloc.c">
      <Filter>Source Files</Filter>
    </ClCompile>
    <ClCompile Include="..\..\miscfun.c">
      <Filter>Source Files</Filter>
    </ClCompile>
    <ClCompile Include="..\..\modulbin.c">
      <Filter>Source Files</Filter>
    </ClCompile>
    <ClCompile Include="..\..\modulbsc.c">
      <Filter>Source Files</Filter>
    </ClCompile>
    <ClCompile Include="..\..\modulcmp.c">
      <Filter>Source Files</Filter>
    </ClCompile>
    <ClCompile Include="..\..\moduldef.c">
      <Filter>Source Files</Filter>
    </ClCompile>
    <ClCompile Include="..\..\modulpsr.c">
      <Filter>Source Files</Filter>
    </ClCompile>
    <ClCompile Include="..\..\modulutl.c">
      <Filter>Source Files</Filter>
    </ClCompile>
    <ClCompile Include="..\..\move.c">
      <Filter>Source Files</Filter>
    </ClCompile>
    <ClCompile Include="..\..\msgcom.c">
      <Filter>Source Files</Filter>
    </ClCompile>
    <ClCompile Include="..\..\msgfun.c">
      <Filter>Source Files</Filter>
    </ClCompile>
    <ClCompile Include="..\..\msgpass.c">
      <Filter>Source Files</Filter>
    </ClCompile>
    <ClCompile Include="..\..\msgpsr.c">
      <Filter>Source Files</Filter>
    </ClCompile>
    <ClCompile Include="..\..\multifld.c">
      <Filter>Source Files</Filter>
    </ClCompile>
    <ClCompile Include="..\..\multifun.c">
      <Filter>Source Files</Filter>
    </ClCompile>
    <ClCompile Include="..\..\objbin.c">
      <Filter>Source Files</Filter>
    </ClCompile>
    <ClCompile Include="..\..\objcmp.c">
      <Filter>Source Files</Filter>
    </ClCompile>
    <ClCompile Include="..\..\objrtbin.c">
      <Filter>Source Files</Filter>
    </ClCompile>
    <ClCompile Include="..\..\objrtbld.c">
      <Filter>Source Files</Filter>
    </ClCompile>
    <ClCompile Include="..\..\objrtcmp.c">
      <Filter>Source Files</Filter>
    </ClCompile>
    <ClCompile Include="..\..\objrtfnx.c">
      <Filter>Source Files</Filter>
    </ClCompile>
    <ClCompile Include="..\..\objrtgen.c">
      <Filter>Source Files</Filter>
    </ClCompile>
    <ClCompile Include="..\..\objrtmch.c">
      <Filter>Source Files</Filter>
    </ClCompile>
    <ClCompile Include="..\..\parsefun.c">
      <Filter>Source Files</Filter>
    </ClCompile>
    <ClCompile Include="..\..\pattern.c">
      <Filter>Source Files</Filter>
    </ClCompile>
    <ClCompile Include="..\..\pprint.c">
      <Filter>Source Files</Filter>
    </ClCompile>
    <ClCompile Include="..\..\prccode.c">
      <Filter>Source Files</Filter>
    </ClCompile>
    <ClCompile Include="..\..\prcdrfun.c">
      <Filter>Source Files</Filter>
    </ClCompile>
    <ClCompile Include="..\..\prcdrpsr.c">
      <Filter>Source Files</Filter>
    </ClCompile>
    <ClCompile Include="..\..\prdctfun.c">
      <Filter>Source Files</Filter>
    </ClCompile>
    <ClCompile Include="..\..\prntutil.c">
      <Filter>Source Files</Filter>
    </ClCompile>
    <ClCompile Include="..\..\proflfun.c">
      <Filter>Source Files</Filter>
    </ClCompile>
    <ClCompile Include="..\..\reorder.c">
      <Filter>Source Files</Filter>
    </ClCompile>
    <ClCompile Include="..\..\reteutil.c">
      <Filter>Source Files</Filter>
    </ClCompile>
    <ClCompile Include="..\..\retract.c">
      <Filter>Source Files</Filter>
    </ClCompile>
    <ClCompile Include="..\..\router.c">
      <Filter>Source Files</Filter>
    </ClCompile>
    <ClCompile Include="..\..\rulebin.c">
      <Filter>Source Files</Filter>
    </ClCompile>
    <ClCompile Include="..\..\rulebld.c">
      <Filter>Source Files</Filter>
    </ClCompile>
    <ClCompile Include="..\..\rulebsc.c">
      <Filter>Source Files</Filter>
    </ClCompile>
    <ClCompile Include="..\..\rulecmp.c">
      <Filter>Source Files</Filter>
    </ClCompile>
    <ClCompile Include="..\..\rulecom.c">
      <Filter>Source Files</Filter>
    </ClCompile>
    <ClCompile Include="..\..\rulecstr.c">
      <Filter>Source Files</Filter>
    </ClCompile>
    <ClCompile Include="..\..\ruledef.c">
      <Filter>Source Files</Filter>
    </ClCompile>
    <ClCompile Include="..\..\ruledlt.c">
      <Filter>Source Files</Filter>
    </ClCompile>
    <ClCompile Include="..\..\rulelhs.c">
      <Filter>Source Files</Filter>
    </ClCompile>
    <ClCompile Include="..\..\rulepsr.c">
      <Filter>Source Files</Filter>
    </ClCompile>
    <ClCompile Include="..\..\scanner.c">
      <Filter>Source Files</Filter>
    </ClCompile>
    <ClCompile Include="..\..\sortfun.c">
      <Filter>Source Files</Filter>
    </ClCompile>
    <ClCompile Include="..\..\strngfun.c">
      <Filter>Source Files</Filter>
    </ClCompile>
    <ClCompile Include="..\..\strngrtr.c">
      <Filter>Source Files</Filter>
    </ClCompile>
    <ClCompile Include="..\..\symblbin.c">
      <Filter>Source Files</Filter>
    </ClCompile>
    <ClCompile Include="..\..\symblcmp.c">
      <Filter>Source Files</Filter>
    </ClCompile>
    <ClCompile Include="..\..\symbol.c">
      <Filter>Source Files</Filter>
    </ClCompile>
    <ClCompile Include="..\..\sysdep.c">
      <Filter>Source Files</Filter>
    </ClCompile>
    <ClCompile Include="..\..\textpro.c">
      <Filter>Source Files</Filter>
    </ClCompile>
    <ClCompile Include="..\..\tmpltbin.c">
      <Filter>Source Files</Filter>
    </ClCompile>
    <ClCompile Include="..\..\tmpltbsc.c">
      <Filter>Source Files</Filter>
    </ClCompile>
    <ClCompile Include="..\..\tmpltcmp.c">
      <Filter>Source Files</Filter>
    </ClCompile>
    <ClCompile Include="..\..\tmpltdef.c">
      <Filter>Source Files</Filter>
    </ClCompile>
    <ClCompile Include="..\..\tmpltfun.c">
      <Filter>Source Files</Filter>
    </ClCompile>
    <ClCompile Include="..\..\tmpltlhs.c">
      <Filter>Source Files</Filter>
    </ClCompile>
    <ClCompile Include="..\..\tmpltpsr.c">
      <Filter>Source Files</Filter>
    </ClCompile>
    <ClCompile Include="..\..\tmpltrhs.c">
      <Filter>Source Files</Filter>
    </ClCompile>
    <ClCompile Include="..\..\tmpltutl.c">
      <Filter>Source Files</Filter>
    </ClCompile>
    <ClCompile Include="..\..\userdata.c">
      <Filter>Source Files</Filter>
    </ClCompile>
    <ClCompile Include="..\..\userfunctions.c">
      <Filter>Source Files</Filter>
    </ClCompile>
    <ClCompile Include="..\..\utility.c">
      <Filter>Source Files</Filter>
    </ClCompile>
    <ClCompile Include="..\..\watch.c">
      <Filter>Source Files</Filter>
    </ClCompile>
    <ClCompile Include="..\..\main.c">
      <Filter>Source Files</Filter>
    </ClCompile>
    <ClCompile Include="..\..\input.c">
      <Filter>Source Files</Filter>
    </ClCompile>
  </ItemGroup>
</Project>